
Microsoft Visual Studio Solution File, Format Version 12.00
# Visual Studio Version 16
VisualStudioVersion = 16.0.31515.178
MinimumVisualStudioVersion = 10.0.40219.1
Project("{FAE04EC0-301F-11D3-BF4B-00C04F79EFBC}") = "Criptografa", "CriptografarDescriptografar\Criptografa.csproj", "{12F3161D-00D7-454F-8DF5-8F81821B069E}"
EndProject
Project("{FAE04EC0-301F-11D3-BF4B-00C04F79EFBC}") = "Criptografia.Teste", "Criptografia.Teste\Criptografia.Teste.csproj", "{DA9F1364-0204-42EF-9EC1-D9656B4ED838}"
EndProject
Global
	GlobalSection(SolutionConfigurationPlatforms) = preSolution
		Debug|Any CPU = Debug|Any CPU
		Release|Any CPU = Release|Any CPU
	EndGlobalSection
	GlobalSection(ProjectConfigurationPlatforms) = postSolution
		{12F3161D-00D7-454F-8DF5-8F81821B069E}.Debug|Any CPU.ActiveCfg = Debug|Any CPU
		{12F3161D-00D7-454F-8DF5-8F81821B069E}.Debug|Any CPU.Build.0 = Debug|Any CPU
		{12F3161D-00D7-454F-8DF5-8F81821B069E}.Release|Any CPU.ActiveCfg = Release|Any CPU
		{12F3161D-00D7-454F-8DF5-8F81821B069E}.Release|Any CPU.Build.0 = Release|Any CPU
		{DA9F1364-0204-42EF-9EC1-D9656B4ED838}.Debug|Any CPU.ActiveCfg = Debug|Any CPU
		{DA9F1364-0204-42EF-9EC1-D9656B4ED838}.Debug|Any CPU.Build.0 = Debug|Any CPU
		{DA9F1364-0204-42EF-9EC1-D9656B4ED838}.Release|Any CPU.ActiveCfg = Release|Any CPU
		{DA9F1364-0204-42EF-9EC1-D9656B4ED838}.Release|Any CPU.Build.0 = Release|Any CPU
	EndGlobalSection
	GlobalSection(SolutionProperties) = preSolution
		HideSolutionNode = FALSE
	EndGlobalSection
	GlobalSection(ExtensibilityGlobals) = postSolution
		SolutionGuid = {3E6B9B20-F8C6-4903-B129-4B19C9F348DC}
	EndGlobalSection
EndGlobal
